
Microsoft Visual Studio Solution File, Format Version 12.00
# Visual Studio Version 16
VisualStudioVersion = 16.0.30611.23
MinimumVisualStudioVersion = 10.0.40219.1
Project("{FAE04EC0-301F-11D3-BF4B-00C04F79EFBC}") = "NotificationService", "NotificationService.csproj", "{BBFC82D9-D676-4461-9FE5-1EDC6CFAEFB9}"
EndProject
Project("{FAE04EC0-301F-11D3-BF4B-00C04F79EFBC}") = "EmailService", "..\EmailService\EmailService.csproj", "{5627B6E3-A082-4789-9EE6-F68FF623FA8B}"
EndProject
Project("{FAE04EC0-301F-11D3-BF4B-00C04F79EFBC}") = "NotificationServiceTests", "..\NotificationServiceTests\NotificationServiceTests.csproj", "{09ABB5B3-CC63-474E-B336-D899EE01E50E}"
EndProject
Global
	GlobalSection(SolutionConfigurationPlatforms) = preSolution
		Debug|Any CPU = Debug|Any CPU
		Release|Any CPU = Release|Any CPU
	EndGlobalSection
	GlobalSection(ProjectConfigurationPlatforms) = postSolution
		{BBFC82D9-D676-4461-9FE5-1EDC6CFAEFB9}.Debug|Any CPU.ActiveCfg = Debug|Any CPU
		{BBFC82D9-D676-4461-9FE5-1EDC6CFAEFB9}.Debug|Any CPU.Build.0 = Debug|Any CPU
		{BBFC82D9-D676-4461-9FE5-1EDC6CFAEFB9}.Release|Any CPU.ActiveCfg = Release|Any CPU
		{BBFC82D9-D676-4461-9FE5-1EDC6CFAEFB9}.Release|Any CPU.Build.0 = Release|Any CPU
		{5627B6E3-A082-4789-9EE6-F68FF623FA8B}.Debug|Any CPU.ActiveCfg = Debug|Any CPU
		{5627B6E3-A082-4789-9EE6-F68FF623FA8B}.Debug|Any CPU.Build.0 = Debug|Any CPU
		{5627B6E3-A082-4789-9EE6-F68FF623FA8B}.Release|Any CPU.ActiveCfg = Release|Any CPU
		{5627B6E3-A082-4789-9EE6-F68FF623FA8B}.Release|Any CPU.Build.0 = Release|Any CPU
		{09ABB5B3-CC63-474E-B336-D899EE01E50E}.Debug|Any CPU.ActiveCfg = Debug|Any CPU
		{09ABB5B3-CC63-474E-B336-D899EE01E50E}.Debug|Any CPU.Build.0 = Debug|Any CPU
		{09ABB5B3-CC63-474E-B336-D899EE01E50E}.Release|Any CPU.ActiveCfg = Release|Any CPU
		{09ABB5B3-CC63-474E-B336-D899EE01E50E}.Release|Any CPU.Build.0 = Release|Any CPU
	EndGlobalSection
	GlobalSection(SolutionProperties) = preSolution
		HideSolutionNode = FALSE
	EndGlobalSection
	GlobalSection(ExtensibilityGlobals) = postSolution
		SolutionGuid = {2F8996D6-F989-442E-82CD-1E693ED9104C}
	EndGlobalSection
EndGlobal
